{
  "name": "sensor-watch-modem",
  "version": "0.0.1",
  "lockfileVersion": 3,
  "requires": true,
  "packages": {
    "": {
      "name": "sensor-watch-modem",
      "version": "0.0.1",
      "license": "MIT",
      "devDependencies": {
        "esbuild": "^0.16.13",
        "esbuild-plugin-less": "^1.1.11",
        "livereload": "^0.9.3",
        "md5": "^2.3.0",
        "static-server": "^2.2.1"
      }
    },
    "node_modules/@esbuild/android-arm": {
      "version": "0.16.13",
      "resolved": "https://registry.npmjs.org/@esbuild/android-arm/-/android-arm-0.16.13.tgz",
      "integrity": "sha512-JmtqThupn9Yf+FzANE+GG73ASUkssnPwOsndUElhp23685QzRK+MO1UompOlBaXV9D5FTuYcPnw7p4mCq2YbZQ==",
      "cpu": [
        "arm"
      ],
      "dev": true,
      "license": "MIT",
      "optional": true,
      "os": [
        "android"
      ],
      "engines": {
        "node": ">=12"
      }
    },
    "node_modules/@esbuild/android-arm64": {
      "version": "0.16.13",
      "resolved": "https://registry.npmjs.org/@esbuild/android-arm64/-/android-arm64-0.16.13.tgz",
      "integrity": "sha512-r4xetsd1ez1NF9/9R2f9Q6AlxqiZLwUqo7ICOcvEVwopVkXUcspIjEbJk0EVTgT6Cp5+ymzGPT6YNV0ievx4yA==",
      "cpu": [
        "arm64"
      ],
      "dev": true,
      "license": "MIT",
      "optional": true,
      "os": [
        "android"
      ],
      "engines": {
        "node": ">=12"
      }
    },
    "node_modules/@esbuild/android-x64": {
      "version": "0.16.13",
      "resolved": "https://registry.npmjs.org/@esbuild/android-x64/-/android-x64-0.16.13.tgz",
      "integrity": "sha512-hKt1bFht/Vtp0xJ0ZVzFMnPy1y1ycmM3KNnp3zsyZfQmw7nhs2WLO4vxdR5YG+6RsHKCb2zbZ3VwlC0Tij0qyA==",
      "cpu": [
        "x64"
      ],
      "dev": true,
      "license": "MIT",
      "optional": true,
      "os": [
        "android"
      ],
      "engines": {
        "node": ">=12"
      }
    },
    "node_modules/@esbuild/darwin-arm64": {
      "version": "0.16.13",
      "resolved": "https://registry.npmjs.org/@esbuild/darwin-arm64/-/darwin-arm64-0.16.13.tgz",
      "integrity": "sha512-ogrVuNi2URocrr3Ps20f075EMm9V7IeenOi9FRj4qdbT6mQlwLuP4l90PW2iBrKERx0oRkcZprEUNsz/3xd7ww==",
      "cpu": [
        "arm64"
      ],
      "dev": true,
      "license": "MIT",
      "optional": true,
      "os": [
        "darwin"
      ],
      "engines": {
        "node": ">=12"
      }
    },
    "node_modules/@esbuild/darwin-x64": {
      "version": "0.16.13",
      "resolved": "https://registry.npmjs.org/@esbuild/darwin-x64/-/darwin-x64-0.16.13.tgz",
      "integrity": "sha512-Agajik9SBGiKD7FPXE+ExW6x3MgA/dUdpZnXa9y1tyfE4lKQx+eQiknSdrBnWPeqa9wL0AOvkhghmYhpVkyqkA==",
      "cpu": [
        "x64"
      ],
      "dev": true,
      "license": "MIT",
      "optional": true,
      "os": [
        "darwin"
      ],
      "engines": {
        "node": ">=12"
      }
    },
    "node_modules/@esbuild/freebsd-arm64": {
      "version": "0.16.13",
      "resolved": "https://registry.npmjs.org/@esbuild/freebsd-arm64/-/freebsd-arm64-0.16.13.tgz",
      "integrity": "sha512-KxMO3/XihBcHM+xQUM6nQZO1SgQuOsd1DCnKF1a4SIf/i5VD45vrqN3k8ePgFrEbMi7m5JeGmvNqwJXinF0a4Q==",
      "cpu": [
        "arm64"
      ],
      "dev": true,
      "license": "MIT",
      "optional": true,
      "os": [
        "freebsd"
      ],
      "engines": {
        "node": ">=12"
      }
    },
    "node_modules/@esbuild/freebsd-x64": {
      "version": "0.16.13",
      "resolved": "https://registry.npmjs.org/@esbuild/freebsd-x64/-/freebsd-x64-0.16.13.tgz",
      "integrity": "sha512-Ez15oqV1vwvZ30cVLeBW14BsWq/fdWNQGMOxxqaSJVQVLqHhvgfQ7gxGDiN9tpJdeQhqJO+Q0r02/Tce5+USNg==",
      "cpu": [
        "x64"
      ],
      "dev": true,
      "license": "MIT",
      "optional": true,
      "os": [
        "freebsd"
      ],
      "engines": {
        "node": ">=12"
      }
    },
    "node_modules/@esbuild/linux-arm": {
      "version": "0.16.13",
      "resolved": "https://registry.npmjs.org/@esbuild/linux-arm/-/linux-arm-0.16.13.tgz",
      "integrity": "sha512-18dLd2L3mda+iFj6sswyBMSh2UwniamD9M4DwPv8VM+9apRFlQ5IGKxBdumnTuOI4NvwwAernmUseWhYQ9k+rg==",
      "cpu": [
        "arm"
      ],
      "dev": true,
      "license": "MIT",
      "optional": true,
      "os": [
        "linux"
      ],
      "engines": {
        "node": ">=12"
      }
    },
    "node_modules/@esbuild/linux-arm64": {
      "version": "0.16.13",
      "resolved": "https://registry.npmjs.org/@esbuild/linux-arm64/-/linux-arm64-0.16.13.tgz",
      "integrity": "sha512-qi5n7KwcGViyJeZeQnu8fB6dC3Mlm5PGaqSv2HhQDDx/MPvVfQGNMcv7zcBL4qk3FkuWhGVwXkjQ76x7R0PWlA==",
      "cpu": [
        "arm64"
      ],
      "dev": true,
      "license": "MIT",
      "optional": true,
      "os": [
        "linux"
      ],
      "engines": {
        "node": ">=12"
      }
    },
    "node_modules/@esbuild/linux-ia32": {
      "version": "0.16.13",
      "resolved": "https://registry.npmjs.org/@esbuild/linux-ia32/-/linux-ia32-0.16.13.tgz",
      "integrity": "sha512-2489Xad9sr+6GD7nB913fUqpCsSwVwgskkQTq4Or2mZntSPYPebyJm8l1YruHo7oqYMTGV6RiwGE4gRo3H+EPQ==",
      "cpu": [
        "ia32"
      ],
      "dev": true,
      "license": "MIT",
      "optional": true,
      "os": [
        "linux"
      ],
      "engines": {
        "node": ">=12"
      }
    },
    "node_modules/@esbuild/linux-loong64": {
      "version": "0.16.13",
      "resolved": "https://registry.npmjs.org/@esbuild/linux-loong64/-/linux-loong64-0.16.13.tgz",
      "integrity": "sha512-x8KplRu9Y43Px8I9YS+sPBwQ+fw44Mvp2BPVADopKDWz+h3fcj1BvRU58kxb89WObmwKX9sWdtYzepL4Fmx03A==",
      "cpu": [
        "loong64"
      ],
      "dev": true,
      "license": "MIT",
      "optional": true,
      "os": [
        "linux"
      ],
      "engines": {
        "node": ">=12"
      }
    },
    "node_modules/@esbuild/linux-mips64el": {
      "version": "0.16.13",
      "resolved": "https://registry.npmjs.org/@esbuild/linux-mips64el/-/linux-mips64el-0.16.13.tgz",
      "integrity": "sha512-qhhdWph9FLwD9rVVC/nUf7k2U4NZIA6/mGx0B7+O6PFV0GjmPA2E3zDQ4NUjq9P26E0DeAZy9akH9dYcUBRU7A==",
      "cpu": [
        "mips64el"
      ],
      "dev": true,
      "license": "MIT",
      "optional": true,
      "os": [
        "linux"
      ],
      "engines": {
        "node": ">=12"
      }
    },
    "node_modules/@esbuild/linux-ppc64": {
      "version": "0.16.13",
      "resolved": "https://registry.npmjs.org/@esbuild/linux-ppc64/-/linux-ppc64-0.16.13.tgz",
      "integrity": "sha512-cVWAPKsrRVxI1jCeJHnYSbE3BrEU+pZTZK2gfao9HRxuc+3m4+RLfs3EVEpGLmMKEcWfVCB9wZ3yNxnknutGKQ==",
      "cpu": [
        "ppc64"
      ],
      "dev": true,
      "license": "MIT",
      "optional": true,
      "os": [
        "linux"
      ],
      "engines": {
        "node": ">=12"
      }
    },
    "node_modules/@esbuild/linux-riscv64": {
      "version": "0.16.13",
      "resolved": "https://registry.npmjs.org/@esbuild/linux-riscv64/-/linux-riscv64-0.16.13.tgz",
      "integrity": "sha512-Agb7dbRyZWnmPn5Vvf0eyqaEUqSsaIUwwyInu2EoFTaIDRp093QU2M5alUyOooMLkRbD1WvqQNwx08Z/g+SAcQ==",
      "cpu": [
        "riscv64"
      ],
      "dev": true,
      "license": "MIT",
      "optional": true,
      "os": [
        "linux"
      ],
      "engines": {
        "node": ">=12"
      }
    },
    "node_modules/@esbuild/linux-s390x": {
      "version": "0.16.13",
      "resolved": "https://registry.npmjs.org/@esbuild/linux-s390x/-/linux-s390x-0.16.13.tgz",
      "integrity": "sha512-AqRBIrc/+kl08ahliNG+EyU+j41wIzQfwBTKpi80cCDiYvYFPuXjvzZsD9muiu58Isj0RVni9VgC4xK/AnSW4g==",
      "cpu": [
        "s390x"
      ],
      "dev": true,
      "license": "MIT",
      "optional": true,
      "os": [
        "linux"
      ],
      "engines": {
        "node": ">=12"
      }
    },
    "node_modules/@esbuild/linux-x64": {
      "version": "0.16.13",
      "resolved": "https://registry.npmjs.org/@esbuild/linux-x64/-/linux-x64-0.16.13.tgz",
      "integrity": "sha512-S4wn2BimuhPcoArRtVrdHUKIymCCZcYAXQE47kUiX4yrUrEX2/ifn5eKNbZ5c1jJKUlh1gC2ESIN+iw3wQax3g==",
      "cpu": [
        "x64"
      ],
      "dev": true,
      "license": "MIT",
      "optional": true,
      "os": [
        "linux"
      ],
      "engines": {
        "node": ">=12"
      }
    },
    "node_modules/@esbuild/netbsd-x64": {
      "version": "0.16.13",
      "resolved": "https://registry.npmjs.org/@esbuild/netbsd-x64/-/netbsd-x64-0.16.13.tgz",
      "integrity": "sha512-2c8JWgfUMlQHTdaR5X3xNMwqOyad8kgeCupuVkdm3QkUOzGREjlTETQsK6oHifocYzDCo9FeKcUwsK356SdR+g==",
      "cpu": [
        "x64"
      ],
      "dev": true,
      "license": "MIT",
      "optional": true,
      "os": [
        "netbsd"
      ],
      "engines": {
        "node": ">=12"
      }
    },
    "node_modules/@esbuild/openbsd-x64": {
      "version": "0.16.13",
      "resolved": "https://registry.npmjs.org/@esbuild/openbsd-x64/-/openbsd-x64-0.16.13.tgz",
      "integrity": "sha512-Bwh+PmKD/LK+xBjqIpnYnKYj0fIyQJ0YpRxsn0F+WfzvQ2OA+GKDlf8AHosiCns26Q4Dje388jQVwfOBZ1GaFw==",
      "cpu": [
        "x64"
      ],
      "dev": true,
      "license": "MIT",
      "optional": true,
      "os": [
        "openbsd"
      ],
      "engines": {
        "node": ">=12"
      }
    },
    "node_modules/@esbuild/sunos-x64": {
      "version": "0.16.13",
      "resolved": "https://registry.npmjs.org/@esbuild/sunos-x64/-/sunos-x64-0.16.13.tgz",
      "integrity": "sha512-8wwk6f9XGnhrF94/DBdFM4Xm1JeCyGTCj67r516VS9yvBVQf3Rar54L+XPVDs/oZOokwH+XsktrgkuTMAmjntg==",
      "cpu": [
        "x64"
      ],
      "dev": true,
      "license": "MIT",
      "optional": true,
      "os": [
        "sunos"
      ],
      "engines": {
        "node": ">=12"
      }
    },
    "node_modules/@esbuild/win32-arm64": {
      "version": "0.16.13",
      "resolved": "https://registry.npmjs.org/@esbuild/win32-arm64/-/win32-arm64-0.16.13.tgz",
      "integrity": "sha512-Jmwbp/5ArLCiRAHC33ODfcrlIcbP/exXkOEUVkADNJC4e/so2jm+i8IQFvVX/lA2GWvK3GdgcN0VFfp9YITAbg==",
      "cpu": [
        "arm64"
      ],
      "dev": true,
      "license": "MIT",
      "optional": true,
      "os": [
        "win32"
      ],
      "engines": {
        "node": ">=12"
      }
    },
    "node_modules/@esbuild/win32-ia32": {
      "version": "0.16.13",
      "resolved": "https://registry.npmjs.org/@esbuild/win32-ia32/-/win32-ia32-0.16.13.tgz",
      "integrity": "sha512-AX6WjntGjhJHzrPSVvjMD7grxt41koHfAOx6lxLorrpDwwIKKPaGDASPZgvFIZHTbwhOtILW6vAXxYPDsKpDJA==",
      "cpu": [
        "ia32"
      ],
      "dev": true,
      "license": "MIT",
      "optional": true,
      "os": [
        "win32"
      ],
      "engines": {
        "node": ">=12"
      }
    },
    "node_modules/@esbuild/win32-x64": {
      "version": "0.16.13",
      "resolved": "https://registry.npmjs.org/@esbuild/win32-x64/-/win32-x64-0.16.13.tgz",
      "integrity": "sha512-A+U4gM6OOkPS03UgVU08GTpAAAxPsP/8Z4FmneGo4TaVSD99bK9gVJXlqUEPMO/htFXEAht2O6pX4ErtLY5tVg==",
      "cpu": [
        "x64"
      ],
      "dev": true,
      "license": "MIT",
      "optional": true,
      "os": [
        "win32"
      ],
      "engines": {
        "node": ">=12"
      }
    },
    "node_modules/@types/less": {
      "version": "3.0.3",
      "resolved": "https://registry.npmjs.org/@types/less/-/less-3.0.3.tgz",
      "integrity": "sha512-1YXyYH83h6We1djyoUEqTlVyQtCfJAFXELSKW2ZRtjHD4hQ82CC4lvrv5D0l0FLcKBaiPbXyi3MpMsI9ZRgKsw==",
      "dev": true,
      "license": "MIT"
    },
    "node_modules/ansi-regex": {
      "version": "0.2.1",
      "resolved": "https://registry.npmjs.org/ansi-regex/-/ansi-regex-0.2.1.tgz",
      "integrity": "sha512-sGwIGMjhYdW26/IhwK2gkWWI8DRCVO6uj3hYgHT+zD+QL1pa37tM3ujhyfcJIYSbsxp7Gxhy7zrRW/1AHm4BmA==",
      "dev": true,
      "license": "MIT",
      "engines": {
        "node": ">=0.10.0"
      }
    },
    "node_modules/ansi-styles": {
      "version": "1.1.0",
      "resolved": "https://registry.npmjs.org/ansi-styles/-/ansi-styles-1.1.0.tgz",
      "integrity": "sha512-f2PKUkN5QngiSemowa6Mrk9MPCdtFiOSmibjZ+j1qhLGHHYsqZwmBMRF3IRMVXo8sybDqx2fJl2d/8OphBoWkA==",
      "dev": true,
      "license": "MIT",
      "engines": {
        "node": ">=0.10.0"
      }
    },
    "node_modules/anymatch": {
      "version": "3.1.3",
      "resolved": "https://registry.npmjs.org/anymatch/-/anymatch-3.1.3.tgz",
      "integrity": "sha512-KMReFUr0B4t+D+OBkjR3KYqvocp2XaSzO55UcB6mgQMd3KbcE+mWTyvVV7D/zsdEbNnV6acZUutkiHQXvTr1Rw==",
      "dev": true,
      "license": "ISC",
      "dependencies": {
        "normalize-path": "^3.0.0",
        "picomatch": "^2.0.4"
      },
      "engines": {
        "node": ">= 8"
      }
    },
    "node_modules/binary-extensions": {
      "version": "2.2.0",
      "resolved": "https://registry.npmjs.org/binary-extensions/-/binary-extensions-2.2.0.tgz",
      "integrity": "sha512-jDctJ/IVQbZoJykoeHbhXpOlNBqGNcwXJKJog42E5HDPUwQTSdjCHdihjj0DlnheQ7blbT6dHOafNAiS8ooQKA==",
      "dev": true,
      "license": "MIT",
      "engines": {
        "node": ">=8"
      }
    },
    "node_modules/braces": {
      "version": "3.0.2",
      "resolved": "https://registry.npmjs.org/braces/-/braces-3.0.2.tgz",
      "integrity": "sha512-b8um+L1RzM3WDSzvhm6gIz1yfTbBt6YTlcEKAvsmqCZZFw46z626lVj9j1yEPW33H5H+lBQpZMP1k8l+78Ha0A==",
      "dev": true,
      "license": "MIT",
      "dependencies": {
        "fill-range": "^7.0.1"
      },
      "engines": {
        "node": ">=8"
      }
    },
    "node_modules/chalk": {
      "version": "0.5.1",
      "resolved": "https://registry.npmjs.org/chalk/-/chalk-0.5.1.tgz",
      "integrity": "sha512-bIKA54hP8iZhyDT81TOsJiQvR1gW+ZYSXFaZUAvoD4wCHdbHY2actmpTE4x344ZlFqHbvoxKOaESULTZN2gstg==",
      "dev": true,
      "license": "MIT",
      "dependencies": {
        "ansi-styles": "^1.1.0",
        "escape-string-regexp": "^1.0.0",
        "has-ansi": "^0.1.0",
        "strip-ansi": "^0.3.0",
        "supports-color": "^0.2.0"
      },
      "engines": {
        "node": ">=0.10.0"
      }
    },
    "node_modules/charenc": {
      "version": "0.0.2",
      "resolved": "https://registry.npmjs.org/charenc/-/charenc-0.0.2.tgz",
      "integrity": "sha512-yrLQ/yVUFXkzg7EDQsPieE/53+0RlaWTs+wBrvW36cyilJ2SaDWfl4Yj7MtLTXleV9uEKefbAGUPv2/iWSooRA==",
      "dev": true,
      "license": "BSD-3-Clause",
      "engines": {
        "node": "*"
      }
    },
    "node_modules/chokidar": {
      "version": "3.5.3",
      "resolved": "https://registry.npmjs.org/chokidar/-/chokidar-3.5.3.tgz",
      "integrity": "sha512-Dr3sfKRP6oTcjf2JmUmFJfeVMvXBdegxB0iVQ5eb2V10uFJUCAS8OByZdVAyVb8xXNz3GjjTgj9kLWsZTqE6kw==",
      "dev": true,
      "funding": [
        {
          "type": "individual",
          "url": "https://paulmillr.com/funding/"
        }
      ],
      "license": "MIT",
      "dependencies": {
        "anymatch": "~3.1.2",
        "braces": "~3.0.2",
        "glob-parent": "~5.1.2",
        "is-binary-path": "~2.1.0",
        "is-glob": "~4.0.1",
        "normalize-path": "~3.0.0",
        "readdirp": "~3.6.0"
      },
      "engines": {
        "node": ">= 8.10.0"
      },
      "optionalDependencies": {
        "fsevents": "~2.3.2"
      }
    },
    "node_modules/commander": {
      "version": "2.20.3",
      "resolved": "https://registry.npmjs.org/commander/-/commander-2.20.3.tgz",
      "integrity": "sha512-GpVkmM8vF2vQUkj2LvZmD35JxeJOLCwJ9cUkugyk2nuhbv3+mJvpLYYt+0+USMxE+oj+ey/lJEnhZw75x/OMcQ==",
      "dev": true,
      "license": "MIT"
    },
    "node_modules/copy-anything": {
      "version": "2.0.6",
      "resolved": "https://registry.npmjs.org/copy-anything/-/copy-anything-2.0.6.tgz",
      "integrity": "sha512-1j20GZTsvKNkc4BY3NpMOM8tt///wY3FpIzozTOFO2ffuZcV61nojHXVKIy3WM+7ADCy5FVhdZYHYDdgTU0yJw==",
      "dev": true,
      "license": "MIT",
      "dependencies": {
        "is-what": "^3.14.1"
      },
      "funding": {
        "url": "https://github.com/sponsors/mesqueeb"
      }
    },
    "node_modules/crypt": {
      "version": "0.0.2",
      "resolved": "https://registry.npmjs.org/crypt/-/crypt-0.0.2.tgz",
      "integrity": "sha512-mCxBlsHFYh9C+HVpiEacem8FEBnMXgU9gy4zmNC+SXAZNB/1idgp/aulFJ4FgCi7GPEVbfyng092GqL2k2rmow==",
      "dev": true,
      "license": "BSD-3-Clause",
      "engines": {
        "node": "*"
      }
    },
    "node_modules/debug": {
      "version": "3.2.7",
      "resolved": "https://registry.npmjs.org/debug/-/debug-3.2.7.tgz",
      "integrity": "sha512-CFjzYYAi4ThfiQvizrFQevTTXHtnCqWfe7x1AhgEscTz6ZbLbfoLRLPugTQyBth6f8ZERVUSyWHFD/7Wu4t1XQ==",
      "dev": true,
      "license": "MIT",
      "optional": true,
      "dependencies": {
        "ms": "^2.1.1"
      }
    },
    "node_modules/errno": {
      "version": "0.1.8",
      "resolved": "https://registry.npmjs.org/errno/-/errno-0.1.8.tgz",
      "integrity": "sha512-dJ6oBr5SQ1VSd9qkk7ByRgb/1SH4JZjCHSW/mr63/QcXO9zLVxvJ6Oy13nio03rxpSnVDDjFor75SjVeZWPW/A==",
      "dev": true,
      "license": "MIT",
      "optional": true,
      "dependencies": {
        "prr": "~1.0.1"
      },
      "bin": {
        "errno": "cli.js"
      }
    },
    "node_modules/esbuild": {
      "version": "0.16.13",
      "resolved": "https://registry.npmjs.org/esbuild/-/esbuild-0.16.13.tgz",
      "integrity": "sha512-oYwFdSEIoKM1oYzyem1osgKJAvg5447XF+05ava21fOtilyb2HeQQh26/74K4WeAk5dZmj/Mx10zUqUnI14jhA==",
      "dev": true,
      "hasInstallScript": true,
      "license": "MIT",
      "bin": {
        "esbuild": "bin/esbuild"
      },
      "engines": {
        "node": ">=12"
      },
      "optionalDependencies": {
        "@esbuild/android-arm": "0.16.13",
        "@esbuild/android-arm64": "0.16.13",
        "@esbuild/android-x64": "0.16.13",
        "@esbuild/darwin-arm64": "0.16.13",
        "@esbuild/darwin-x64": "0.16.13",
        "@esbuild/freebsd-arm64": "0.16.13",
        "@esbuild/freebsd-x64": "0.16.13",
        "@esbuild/linux-arm": "0.16.13",
        "@esbuild/linux-arm64": "0.16.13",
        "@esbuild/linux-ia32": "0.16.13",
        "@esbuild/linux-loong64": "0.16.13",
        "@esbuild/linux-mips64el": "0.16.13",
        "@esbuild/linux-ppc64": "0.16.13",
        "@esbuild/linux-riscv64": "0.16.13",
        "@esbuild/linux-s390x": "0.16.13",
        "@esbuild/linux-x64": "0.16.13",
        "@esbuild/netbsd-x64": "0.16.13",
        "@esbuild/openbsd-x64": "0.16.13",
        "@esbuild/sunos-x64": "0.16.13",
        "@esbuild/win32-arm64": "0.16.13",
        "@esbuild/win32-ia32": "0.16.13",
        "@esbuild/win32-x64": "0.16.13"
      }
    },
    "node_modules/esbuild-plugin-less": {
      "version": "1.1.11",
      "resolved": "https://registry.npmjs.org/esbuild-plugin-less/-/esbuild-plugin-less-1.1.11.tgz",
      "integrity": "sha512-W2ps3mPK8eIrP+q5htgtPh9n5cAg/tQgcIdCEX94+QdDIegwUIh1Vd8A4v0W2WVxmESsOInEj3REIoMNmGENmQ==",
      "dev": true,
      "license": "WTFPL",
      "dependencies": {
        "@types/less": "^3.0.3",
        "less": "^4.1.3"
      },
      "peerDependencies": {
        "esbuild": "^0.14.x || ^0.15.0 || ^0.16.0"
      }
    },
    "node_modules/escape-string-regexp": {
      "version": "1.0.5",
      "resolved": "https://registry.npmjs.org/escape-string-regexp/-/escape-string-regexp-1.0.5.tgz",
      "integrity": "sha512-vbRorB5FUQWvla16U8R/qgaFIya2qGzwDrNmCZuYKrbdSUMG6I1ZCGQRefkRVhuOkIGVne7BQ35DSfo1qvJqFg==",
      "dev": true,
      "license": "MIT",
      "engines": {
        "node": ">=0.8.0"
      }
    },
    "node_modules/file-size": {
      "version": "0.0.5",
      "resolved": "https://registry.npmjs.org/file-size/-/file-size-0.0.5.tgz",
      "integrity": "sha512-ZW056dw8Ta1RWHVOQue3LMZe+mSOnHkcM7AN9is8JoHSIHRiLD5szwPAHM3fM7P5SGJ1bkAmCv3PvUTGoluDqA==",
      "dev": true,
      "license": "MIT"
    },
    "node_modules/fill-range": {
      "version": "7.0.1",
      "resolved": "https://registry.npmjs.org/fill-range/-/fill-range-7.0.1.tgz",
      "integrity": "sha512-qOo9F+dMUmC2Lcb4BbVvnKJxTPjCm+RRpe4gDuGrzkL7mEVl/djYSu2OdQ2Pa302N4oqkSg9ir6jaLWJ2USVpQ==",
      "dev": true,
      "license": "MIT",
      "dependencies": {
        "to-regex-range": "^5.0.1"
      },
      "engines": {
        "node": ">=8"
      }
    },
    "node_modules/fsevents": {
      "version": "2.3.2",
      "resolved": "https://registry.npmjs.org/fsevents/-/fsevents-2.3.2.tgz",
      "integrity": "sha512-xiqMQR4xAeHTuB9uWm+fFRcIOgKBMiOBP+eXiyT7jsgVCq1bkVygt00oASowB7EdtpOHaaPgKt812P9ab+DDKA==",
      "dev": true,
      "hasInstallScript": true,
      "license": "MIT",
      "optional": true,
      "os": [
        "darwin"
      ],
      "engines": {
        "node": "^8.16.0 || ^10.6.0 || >=11.0.0"
      }
    },
    "node_modules/glob-parent": {
      "version": "5.1.2",
      "resolved": "https://registry.npmjs.org/glob-parent/-/glob-parent-5.1.2.tgz",
      "integrity": "sha512-AOIgSQCepiJYwP3ARnGx+5VnTu2HBYdzbGP45eLw1vr3zB3vZLeyed1sC9hnbcOc9/SrMyM5RPQrkGz4aS9Zow==",
      "dev": true,
      "license": "ISC",
      "dependencies": {
        "is-glob": "^4.0.1"
      },
      "engines": {
        "node": ">= 6"
      }
    },
    "node_modules/graceful-fs": {
      "version": "4.2.10",
      "resolved": "https://registry.npmjs.org/graceful-fs/-/graceful-fs-4.2.10.tgz",
      "integrity": "sha512-9ByhssR2fPVsNZj478qUUbKfmL0+t5BDVyjShtyZZLiK7ZDAArFFfopyOTj0M05wE2tJPisA4iTnnXl2YoPvOA==",
      "dev": true,
      "license": "ISC",
      "optional": true
    },
    "node_modules/has-ansi": {
      "version": "0.1.0",
      "resolved": "https://registry.npmjs.org/has-ansi/-/has-ansi-0.1.0.tgz",
      "integrity": "sha512-1YsTg1fk2/6JToQhtZkArMkurq8UoWU1Qe0aR3VUHjgij4nOylSWLWAtBXoZ4/dXOmugfLGm1c+QhuD0JyedFA==",
      "dev": true,
      "license": "MIT",
      "dependencies": {
        "ansi-regex": "^0.2.0"
      },
      "bin": {
        "has-ansi": "cli.js"
      },
      "engines": {
        "node": ">=0.10.0"
      }
    },
    "node_modules/iconv-lite": {
      "version": "0.6.3",
      "resolved": "https://registry.npmjs.org/iconv-lite/-/iconv-lite-0.6.3.tgz",
      "integrity": "sha512-4fCk79wshMdzMp2rH06qWrJE4iolqLhCUH+OiuIgU++RB0+94NlDL81atO7GX55uUKueo0txHNtvEyI6D7WdMw==",
      "dev": true,
      "license": "MIT",
      "optional": true,
      "dependencies": {
        "safer-buffer": ">= 2.1.2 < 3.0.0"
      },
      "engines": {
        "node": ">=0.10.0"
      }
    },
    "node_modules/image-size": {
      "version": "0.5.5",
      "resolved": "https://registry.npmjs.org/image-size/-/image-size-0.5.5.tgz",
      "integrity": "sha512-6TDAlDPZxUFCv+fuOkIoXT/V/f3Qbq8e37p+YOiYrUv3v9cc3/6x78VdfPgFVaB9dZYeLUfKgHRebpkm/oP2VQ==",
      "dev": true,
      "license": "MIT",
      "optional": true,
      "bin": {
        "image-size": "bin/image-size.js"
      },
      "engines": {
        "node": ">=0.10.0"
      }
    },
    "node_modules/is-binary-path": {
      "version": "2.1.0",
      "resolved": "https://registry.npmjs.org/is-binary-path/-/is-binary-path-2.1.0.tgz",
      "integrity": "sha512-ZMERYes6pDydyuGidse7OsHxtbI7WVeUEozgR/g7rd0xUimYNlvZRE/K2MgZTjWy725IfelLeVcEM97mmtRGXw==",
      "dev": true,
      "license": "MIT",
      "dependencies": {
        "binary-extensions": "^2.0.0"
      },
      "engines": {
        "node": ">=8"
      }
    },
    "node_modules/is-buffer": {
      "version": "1.1.6",
      "resolved": "https://registry.npmjs.org/is-buffer/-/is-buffer-1.1.6.tgz",
      "integrity": "sha512-NcdALwpXkTm5Zvvbk7owOUSvVvBKDgKP5/ewfXEznmQFfs4ZRmanOeKBTjRVjka3QFoN6XJ+9F3USqfHqTaU5w==",
      "dev": true,
      "license": "MIT"
    },
    "node_modules/is-extglob": {
      "version": "2.1.1",
      "resolved": "https://registry.npmjs.org/is-extglob/-/is-extglob-2.1.1.tgz",
      "integrity": "sha512-SbKbANkN603Vi4jEZv49LeVJMn4yGwsbzZworEoyEiutsN3nJYdbO36zfhGJ6QEDpOZIFkDtnq5JRxmvl3jsoQ==",
      "dev": true,
      "license": "MIT",
      "engines": {
        "node": ">=0.10.0"
      }
    },
    "node_modules/is-glob": {
      "version": "4.0.3",
      "resolved": "https://registry.npmjs.org/is-glob/-/is-glob-4.0.3.tgz",
      "integrity": "sha512-xelSayHH36ZgE7ZWhli7pW34hNbNl8Ojv5KVmkJD4hBdD3th8Tfk9vYasLM+mXWOZhFkgZfxhLSnrwRr4elSSg==",
      "dev": true,
      "license": "MIT",
      "dependencies": {
        "is-extglob": "^2.1.1"
      },
      "engines": {
        "node": ">=0.10.0"
      }
    },
    "node_modules/is-number": {
      "version": "7.0.0",
      "resolved": "https://registry.npmjs.org/is-number/-/is-number-7.0.0.tgz",
      "integrity": "sha512-41Cifkg6e8TylSpdtTpeLVMqvSBEVzTttHvERD741+pnZ8ANv0004MRL43QKPDlK9cGvNp6NZWZUBlbGXYxxng==",
      "dev": true,
      "license": "MIT",
      "engines": {
        "node": ">=0.12.0"
      }
    },
    "node_modules/is-what": {
      "version": "3.14.1",
      "resolved": "https://registry.npmjs.org/is-what/-/is-what-3.14.1.tgz",
      "integrity": "sha512-sNxgpk9793nzSs7bA6JQJGeIuRBQhAaNGG77kzYQgMkrID+lS6SlK07K5LaptscDlSaIgH+GPFzf+d75FVxozA==",
      "dev": true,
      "license": "MIT"
    },
    "node_modules/is-wsl": {
      "version": "1.1.0",
      "resolved": "https://registry.npmjs.org/is-wsl/-/is-wsl-1.1.0.tgz",
      "integrity": "sha512-gfygJYZ2gLTDlmbWMI0CE2MwnFzSN/2SZfkMlItC4K/JBlsWVDB0bO6XhqcY13YXE7iMcAJnzTCJjPiTeJJ0Mw==",
      "dev": true,
      "license": "MIT",
      "engines": {
        "node": ">=4"
      }
    },
    "node_modules/less": {
      "version": "4.1.3",
      "resolved": "https://registry.npmjs.org/less/-/less-4.1.3.tgz",
      "integrity": "sha512-w16Xk/Ta9Hhyei0Gpz9m7VS8F28nieJaL/VyShID7cYvP6IL5oHeL6p4TXSDJqZE/lNv0oJ2pGVjJsRkfwm5FA==",
      "dev": true,
      "license": "Apache-2.0",
      "dependencies": {
        "copy-anything": "^2.0.1",
        "parse-node-version": "^1.0.1",
        "tslib": "^2.3.0"
      },
      "bin": {
        "lessc": "bin/lessc"
      },
      "engines": {
        "node": ">=6"
      },
      "optionalDependencies": {
        "errno": "^0.1.1",
        "graceful-fs": "^4.1.2",
        "image-size": "~0.5.0",
        "make-dir": "^2.1.0",
        "mime": "^1.4.1",
        "needle": "^3.1.0",
        "source-map": "~0.6.0"
      }
    },
    "node_modules/livereload": {
      "version": "0.9.3",
      "resolved": "https://registry.npmjs.org/livereload/-/livereload-0.9.3.tgz",
      "integrity": "sha512-q7Z71n3i4X0R9xthAryBdNGVGAO2R5X+/xXpmKeuPMrteg+W2U8VusTKV3YiJbXZwKsOlFlHe+go6uSNjfxrZw==",
      "dev": true,
      "license": "MIT",
      "dependencies": {
        "chokidar": "^3.5.0",
        "livereload-js": "^3.3.1",
        "opts": ">= 1.2.0",
        "ws": "^7.4.3"
      },
      "bin": {
        "livereload": "bin/livereload.js"
      },
      "engines": {
        "node": ">=8.0.0"
      }
    },
    "node_modules/livereload-js": {
      "version": "3.4.1",
      "resolved": "https://registry.npmjs.org/livereload-js/-/livereload-js-3.4.1.tgz",
      "integrity": "sha512-5MP0uUeVCec89ZbNOT/i97Mc+q3SxXmiUGhRFOTmhrGPn//uWVQdCvcLJDy64MSBR5MidFdOR7B9viumoavy6g==",
      "dev": true,
      "license": "MIT"
    },
    "node_modules/make-dir": {
      "version": "2.1.0",
      "resolved": "https://registry.npmjs.org/make-dir/-/make-dir-2.1.0.tgz",
      "integrity": "sha512-LS9X+dc8KLxXCb8dni79fLIIUA5VyZoyjSMCwTluaXA0o27cCK0bhXkpgw+sTXVpPy/lSO57ilRixqk0vDmtRA==",
      "dev": true,
      "license": "MIT",
      "optional": true,
      "dependencies": {
        "pify": "^4.0.1",
        "semver": "^5.6.0"
      },
      "engines": {
        "node": ">=6"
      }
    },
    "node_modules/md5": {
      "version": "2.3.0",
      "resolved": "https://registry.npmjs.org/md5/-/md5-2.3.0.tgz",
      "integrity": "sha512-T1GITYmFaKuO91vxyoQMFETst+O71VUPEU3ze5GNzDm0OWdP8v1ziTaAEPUr/3kLsY3Sftgz242A1SetQiDL7g==",
      "dev": true,
      "license": "BSD-3-Clause",
      "dependencies": {
        "charenc": "0.0.2",
        "crypt": "0.0.2",
        "is-buffer": "~1.1.6"
      }
    },
    "node_modules/mime": {
      "version": "1.6.0",
      "resolved": "https://registry.npmjs.org/mime/-/mime-1.6.0.tgz",
      "integrity": "sha512-x0Vn8spI+wuJ1O6S7gnbaQg8Pxh4NNHb7KSINmEWKiPE4RKOplvijn+NkmYmmRgP68mc70j2EbeTFRsrswaQeg==",
      "dev": true,
      "license": "MIT",
      "bin": {
        "mime": "cli.js"
      },
      "engines": {
        "node": ">=4"
      }
    },
    "node_modules/ms": {
      "version": "2.1.3",
      "resolved": "https://registry.npmjs.org/ms/-/ms-2.1.3.tgz",
      "integrity": "sha512-6FlzubTLZG3J2a/NVCAleEhjzq5oxgHyaCU9yYXvcLsvoVaHJq/s5xXI6/XXP6tz7R9xAOtHnSO/tXtF3WRTlA==",
      "dev": true,
      "license": "MIT",
      "optional": true
    },
    "node_modules/needle": {
      "version": "3.2.0",
      "resolved": "https://registry.npmjs.org/needle/-/needle-3.2.0.tgz",
      "integrity": "sha512-oUvzXnyLiVyVGoianLijF9O/RecZUf7TkBfimjGrLM4eQhXyeJwM6GeAWccwfQ9aa4gMCZKqhAOuLaMIcQxajQ==",
      "dev": true,
      "license": "MIT",
      "optional": true,
      "dependencies": {
        "debug": "^3.2.6",
        "iconv-lite": "^0.6.3",
        "sax": "^1.2.4"
      },
      "bin": {
        "needle": "bin/needle"
      },
      "engines": {
        "node": ">= 4.4.x"
      }
    },
    "node_modules/normalize-path": {
      "version": "3.0.0",
      "resolved": "https://registry.npmjs.org/normalize-path/-/normalize-path-3.0.0.tgz",
      "integrity": "sha512-6eZs5Ls3WtCisHWp9S2GUy8dqkpGi4BVSz3GaqiE6ezub0512ESztXUwUB6C6IKbQkY2Pnb/mD4WYojCRwcwLA==",
      "dev": true,
      "license": "MIT",
      "engines": {
        "node": ">=0.10.0"
      }
    },
    "node_modules/opn": {
      "version": "5.5.0",
      "resolved": "https://registry.npmjs.org/opn/-/opn-5.5.0.tgz",
      "integrity": "sha512-PqHpggC9bLV0VeWcdKhkpxY+3JTzetLSqTCWL/z/tFIbI6G8JCjondXklT1JinczLz2Xib62sSp0T/gKT4KksA==",
      "dev": true,
      "license": "MIT",
      "dependencies": {
        "is-wsl": "^1.1.0"
      },
      "engines": {
        "node": ">=4"
      }
    },
    "node_modules/opts": {
      "version": "2.0.2",
      "resolved": "https://registry.npmjs.org/opts/-/opts-2.0.2.tgz",
      "integrity": "sha512-k41FwbcLnlgnFh69f4qdUfvDQ+5vaSDnVPFI/y5XuhKRq97EnVVneO9F1ESVCdiVu4fCS2L8usX3mU331hB7pg==",
      "dev": true,
      "license": "BSD-2-Clause"
    },
    "node_modules/parse-node-version": {
      "version": "1.0.1",
      "resolved": "https://registry.npmjs.org/parse-node-version/-/parse-node-version-1.0.1.tgz",
      "integrity": "sha512-3YHlOa/JgH6Mnpr05jP9eDG254US9ek25LyIxZlDItp2iJtwyaXQb57lBYLdT3MowkUFYEV2XXNAYIPlESvJlA==",
      "dev": true,
      "license": "MIT",
      "engines": {
        "node": ">= 0.10"
      }
    },
    "node_modules/picomatch": {
      "version": "2.3.1",
      "resolved": "https://registry.npmjs.org/picomatch/-/picomatch-2.3.1.tgz",
      "integrity": "sha512-JU3teHTNjmE2VCGFzuY8EXzCDVwEqB2a8fsIvwaStHhAWJEeVd1o1QD80CU6+ZdEXXSLbSsuLwJjkCBWqRQUVA==",
      "dev": true,
      "license": "MIT",
      "engines": {
        "node": ">=8.6"
      },
      "funding": {
        "url": "https://github.com/sponsors/jonschlinkert"
      }
    },
    "node_modules/pify": {
      "version": "4.0.1",
      "resolved": "https://registry.npmjs.org/pify/-/pify-4.0.1.tgz",
      "integrity": "sha512-uB80kBFb/tfd68bVleG9T5GGsGPjJrLAUpR5PZIrhBnIaRTQRjqdJSsIKkOP6OAIFbj7GOrcudc5pNjZ+geV2g==",
      "dev": true,
      "license": "MIT",
      "optional": true,
      "engines": {
        "node": ">=6"
      }
    },
    "node_modules/prr": {
      "version": "1.0.1",
      "resolved": "https://registry.npmjs.org/prr/-/prr-1.0.1.tgz",
      "integrity": "sha512-yPw4Sng1gWghHQWj0B3ZggWUm4qVbPwPFcRG8KyxiU7J2OHFSoEHKS+EZ3fv5l1t9CyCiop6l/ZYeWbrgoQejw==",
      "dev": true,
      "license": "MIT",
      "optional": true
    },
    "node_modules/readdirp": {
      "version": "3.6.0",
      "resolved": "https://registry.npmjs.org/readdirp/-/readdirp-3.6.0.tgz",
      "integrity": "sha512-hOS089on8RduqdbhvQ5Z37A0ESjsqz6qnRcffsMU3495FuTdqSm+7bhJ29JvIOsBDEEnan5DPu9t3To9VRlMzA==",
      "dev": true,
      "license": "MIT",
      "dependencies": {
        "picomatch": "^2.2.1"
      },
      "engines": {
        "node": ">=8.10.0"
      }
    },
    "node_modules/safer-buffer": {
      "version": "2.1.2",
      "resolved": "https://registry.npmjs.org/safer-buffer/-/safer-buffer-2.1.2.tgz",
      "integrity": "sha512-YZo3K82SD7Riyi0E1EQPojLz7kpepnSQI9IyPbHHg1XXXevb5dJI7tpyN2ADxGcQbHG7vcyRHk0cbwqcQriUtg==",
      "dev": true,
      "license": "MIT",
      "optional": true
    },
    "node_modules/sax": {
      "version": "1.2.4",
      "resolved": "https://registry.npmjs.org/sax/-/sax-1.2.4.tgz",
      "integrity": "sha512-NqVDv9TpANUjFm0N8uM5GxL36UgKi9/atZw+x7YFnQ8ckwFGKrl4xX4yWtrey3UJm5nP1kUbnYgLopqWNSRhWw==",
      "dev": true,
      "license": "ISC",
      "optional": true
    },
    "node_modules/semver": {
      "version": "5.7.1",
      "resolved": "https://registry.npmjs.org/semver/-/semver-5.7.1.tgz",
      "integrity": "sha512-sauaDf/PZdVgrLTNYHRtpXa1iRiKcaebiKQ1BJdpQlWH2lCvexQdX55snPFyK7QzpudqbCI0qXFfOasHdyNDGQ==",
      "dev": true,
      "license": "ISC",
      "optional": true,
      "bin": {
        "semver": "bin/semver"
      }
    },
    "node_modules/source-map": {
      "version": "0.6.1",
      "resolved": "https://registry.npmjs.org/source-map/-/source-map-0.6.1.tgz",
      "integrity": "sha512-UjgapumWlbMhkBgzT7Ykc5YXUT46F0iKu8SGXq0bcwP5dz/h0Plj6enJqjz1Zbq2l5WaqYnrVbwWOWMyF3F47g==",
      "dev": true,
      "license": "BSD-3-Clause",
      "optional": true,
      "engines": {
        "node": ">=0.10.0"
      }
    },
    "node_modules/static-server": {
      "version": "2.2.1",
      "resolved": "https://registry.npmjs.org/static-server/-/static-server-2.2.1.tgz",
      "integrity": "sha512-j5eeW6higxYNmXMIT8iHjsdiViTpQDthg7o+SHsRtqdbxscdHqBHXwrXjHC8hL3F0Tsu34ApUpDkwzMBPBsrLw==",
      "dev": true,
      "license": "MIT",
      "dependencies": {
        "chalk": "^0.5.1",
        "commander": "^2.3.0",
        "file-size": "0.0.5",
        "mime": "^1.2.11",
        "opn": "^5.2.0"
      },
      "bin": {
        "static-server": "bin/static-server.js"
      },
      "engines": {
        "node": ">=4"
      }
    },
    "node_modules/strip-ansi": {
      "version": "0.3.0",
      "resolved": "https://registry.npmjs.org/strip-ansi/-/strip-ansi-0.3.0.tgz",
      "integrity": "sha512-DerhZL7j6i6/nEnVG0qViKXI0OKouvvpsAiaj7c+LfqZZZxdwZtv8+UiA/w4VUJpT8UzX0pR1dcHOii1GbmruQ==",
      "dev": true,
      "license": "MIT",
      "dependencies": {
        "ansi-regex": "^0.2.1"
      },
      "bin": {
        "strip-ansi": "cli.js"
      },
      "engines": {
        "node": ">=0.10.0"
      }
    },
    "node_modules/supports-color": {
      "version": "0.2.0",
      "resolved": "https://registry.npmjs.org/supports-color/-/supports-color-0.2.0.tgz",
      "integrity": "sha512-tdCZ28MnM7k7cJDJc7Eq80A9CsRFAAOZUy41npOZCs++qSjfIy7o5Rh46CBk+Dk5FbKJ33X3Tqg4YrV07N5RaA==",
      "dev": true,
      "license": "MIT",
      "bin": {
        "supports-color": "cli.js"
      },
      "engines": {
        "node": ">=0.10.0"
      }
    },
    "node_modules/to-regex-range": {
      "version": "5.0.1",
      "resolved": "https://registry.npmjs.org/to-regex-range/-/to-regex-range-5.0.1.tgz",
      "integrity": "sha512-65P7iz6X5yEr1cwcgvQxbbIw7Uk3gOy5dIdtZ4rDveLqhrdJP+Li/Hx6tyK0NEb+2GCyneCMJiGqrADCSNk8sQ==",
      "dev": true,
      "license": "MIT",
      "dependencies": {
        "is-number": "^7.0.0"
      },
      "engines": {
        "node": ">=8.0"
      }
    },
    "node_modules/tslib": {
      "version": "2.4.1",
      "resolved": "https://registry.npmjs.org/tslib/-/tslib-2.4.1.tgz",
      "integrity": "sha512-tGyy4dAjRIEwI7BzsB0lynWgOpfqjUdq91XXAlIWD2OwKBH7oCl/GZG/HT4BOHrTlPMOASlMQ7veyTqpmRcrNA==",
      "dev": true,
      "license": "0BSD"
    },
    "node_modules/ws": {
      "version": "7.5.9",
      "resolved": "https://registry.npmjs.org/ws/-/ws-7.5.9.tgz",
      "integrity": "sha512-F+P9Jil7UiSKSkppIiD94dN07AwvFixvLIj1Og1Rl9GGMuNipJnV9JzjD6XuqmAeiswGvUmNLjr5cFuXwNS77Q==",
      "dev": true,
      "license": "MIT",
      "engines": {
        "node": ">=8.3.0"
      },
      "peerDependencies": {
        "bufferutil": "^4.0.1",
        "utf-8-validate": "^5.0.2"
      },
      "peerDependenciesMeta": {
        "bufferutil": {
          "optional": true
        },
        "utf-8-validate": {
          "optional": true
        }
      }
    }
  }
}
